
Microsoft Visual Studio Solution File, Format Version 12.00
# Visual Studio Version 16
VisualStudioVersion = 16.0.31205.134
MinimumVisualStudioVersion = 10.0.40219.1
Project("{FAE04EC0-301F-11D3-BF4B-00C04F79EFBC}") = "EXERCISE 01 - ALTERNATIVE SYNTAX", "EXERCISE 01 - ALTERNATIVE SYNTAX\EXERCISE 01 - ALTERNATIVE SYNTAX.csproj", "{35A45595-E62B-4F0E-AF06-D822C1ADBE29}"
EndProject
Global
	GlobalSection(SolutionConfigurationPlatforms) = preSolution
		Debug|Any CPU = Debug|Any CPU
		Release|Any CPU = Release|Any CPU
	EndGlobalSection
	GlobalSection(ProjectConfigurationPlatforms) = postSolution
		{35A45595-E62B-4F0E-AF06-D822C1ADBE29}.Debug|Any CPU.ActiveCfg = Debug|Any CPU
		{35A45595-E62B-4F0E-AF06-D822C1ADBE29}.Debug|Any CPU.Build.0 = Debug|Any CPU
		{35A45595-E62B-4F0E-AF06-D822C1ADBE29}.Release|Any CPU.ActiveCfg = Release|Any CPU
		{35A45595-E62B-4F0E-AF06-D822C1ADBE29}.Release|Any CPU.Build.0 = Release|Any CPU
	EndGlobalSection
	GlobalSection(SolutionProperties) = preSolution
		HideSolutionNode = FALSE
	EndGlobalSection
	GlobalSection(ExtensibilityGlobals) = postSolution
		SolutionGuid = {AA456880-CC3F-4CFE-AB4B-F4DC48FBCB98}
	EndGlobalSection
EndGlobal
